{
  "version": 4,
  "terraform_version": "1.4.0",
  "serial": 1,
  "lineage": "23889b5a-31bb-6c39-057a-ff28e8dd317a",
  "outputs": {},
  "resources": [
    {
      "module": "module.module_sample_main",
      "mode": "managed",
      "type": "local_file",
      "name": "helloworld",
      "provider": "provider[\"registry.terraform.io/hashicorp/local\"]",
      "instances": [
        {
          "schema_version": 0,
          "attributes": {
            "content": "hello world!",
            "content_base64": null,
            "content_base64sha256": "dQnlvaDHYtK6x/kNdYtbImP6Acy8VCq1498WO+CObKk=",
            "content_base64sha512": "25sc0yYt7jd1agm5BklzWJhHyqjlPTGp0ULqJwGxsoq9l4OLuaJwaLowXcjQSkWh/PB53lTWB2ZplrPMVPa2fA==",
            "content_md5": "fc3ff98e8c6a0d3087d515c0473f8677",
            "content_sha1": "430ce34d020724ed75a196dfc2ad67c77772d169",
            "content_sha256": "7509e5bda0c762d2bac7f90d758b5b2263fa01ccbc542ab5e3df163be08e6ca9",
            "content_sha512": "db9b1cd3262dee37756a09b9064973589847caa8e53d31a9d142ea2701b1b28abd97838bb9a27068ba305dc8d04a45a1fcf079de54d607666996b3cc54f6b67c",
            "directory_permission": "0777",
            "file_permission": "0777",
            "filename": "hello.txt",
            "id": "430ce34d020724ed75a196dfc2ad67c77772d169",
            "sensitive_content": null,
            "source": null
          },
          "sensitive_attributes": []
        }
      ]
    }
  ],
  "check_results": null
}
